
Microsoft Visual Studio Solution File, Format Version 12.00
# Visual Studio 2013
VisualStudioVersion = 12.0.40629.0
MinimumVisualStudioVersion = 10.0.40219.1
Project("{FAE04EC0-301F-11D3-BF4B-00C04F79EFBC}") = "Loregroup", "Loregroup\Loregroup.csproj", "{BA9C0A85-495C-42AC-B995-D0A32AEFAD27}"
EndProject
Project("{FAE04EC0-301F-11D3-BF4B-00C04F79EFBC}") = "Loregroup.Data", "Loregroup.Data\Loregroup.Data.csproj", "{C23E261A-2CC8-4111-B1B9-FE29F9F6FD43}"
EndProject
Project("{FAE04EC0-301F-11D3-BF4B-00C04F79EFBC}") = "Loregroup.Core", "Loregroup.Core\Loregroup.Core.csproj", "{737B0929-048F-4500-A412-629588D59B95}"
EndProject
Project("{FAE04EC0-301F-11D3-BF4B-00C04F79EFBC}") = "Loregroup.Provider", "Loregroup.Provider\Loregroup.Provider.csproj", "{5ECE696C-DA94-4F08-A03D-9D1348AB728F}"
EndProject
Global
	GlobalSection(SolutionConfigurationPlatforms) = preSolution
		Debug|Any CPU = Debug|Any CPU
		NET35|Any CPU = NET35|Any CPU
		NET40|Any CPU = NET40|Any CPU
		NET45|Any CPU = NET45|Any CPU
		Release|Any CPU = Release|Any CPU
	EndGlobalSection
	GlobalSection(ProjectConfigurationPlatforms) = postSolution
		{BA9C0A85-495C-42AC-B995-D0A32AEFAD27}.Debug|Any CPU.ActiveCfg = Debug|Any CPU
		{BA9C0A85-495C-42AC-B995-D0A32AEFAD27}.Debug|Any CPU.Build.0 = Debug|Any CPU
		{BA9C0A85-495C-42AC-B995-D0A32AEFAD27}.NET35|Any CPU.ActiveCfg = Release|Any CPU
		{BA9C0A85-495C-42AC-B995-D0A32AEFAD27}.NET35|Any CPU.Build.0 = Release|Any CPU
		{BA9C0A85-495C-42AC-B995-D0A32AEFAD27}.NET40|Any CPU.ActiveCfg = Release|Any CPU
		{BA9C0A85-495C-42AC-B995-D0A32AEFAD27}.NET40|Any CPU.Build.0 = Release|Any CPU
		{BA9C0A85-495C-42AC-B995-D0A32AEFAD27}.NET45|Any CPU.ActiveCfg = Release|Any CPU
		{BA9C0A85-495C-42AC-B995-D0A32AEFAD27}.NET45|Any CPU.Build.0 = Release|Any CPU
		{BA9C0A85-495C-42AC-B995-D0A32AEFAD27}.Release|Any CPU.ActiveCfg = Release|Any CPU
		{BA9C0A85-495C-42AC-B995-D0A32AEFAD27}.Release|Any CPU.Build.0 = Release|Any CPU
		{C23E261A-2CC8-4111-B1B9-FE29F9F6FD43}.Debug|Any CPU.ActiveCfg = Debug|Any CPU
		{C23E261A-2CC8-4111-B1B9-FE29F9F6FD43}.Debug|Any CPU.Build.0 = Debug|Any CPU
		{C23E261A-2CC8-4111-B1B9-FE29F9F6FD43}.NET35|Any CPU.ActiveCfg = Release|Any CPU
		{C23E261A-2CC8-4111-B1B9-FE29F9F6FD43}.NET35|Any CPU.Build.0 = Release|Any CPU
		{C23E261A-2CC8-4111-B1B9-FE29F9F6FD43}.NET40|Any CPU.ActiveCfg = Release|Any CPU
		{C23E261A-2CC8-4111-B1B9-FE29F9F6FD43}.NET40|Any CPU.Build.0 = Release|Any CPU
		{C23E261A-2CC8-4111-B1B9-FE29F9F6FD43}.NET45|Any CPU.ActiveCfg = Release|Any CPU
		{C23E261A-2CC8-4111-B1B9-FE29F9F6FD43}.NET45|Any CPU.Build.0 = Release|Any CPU
		{C23E261A-2CC8-4111-B1B9-FE29F9F6FD43}.Release|Any CPU.ActiveCfg = Release|Any CPU
		{C23E261A-2CC8-4111-B1B9-FE29F9F6FD43}.Release|Any CPU.Build.0 = Release|Any CPU
		{737B0929-048F-4500-A412-629588D59B95}.Debug|Any CPU.ActiveCfg = Debug|Any CPU
		{737B0929-048F-4500-A412-629588D59B95}.Debug|Any CPU.Build.0 = Debug|Any CPU
		{737B0929-048F-4500-A412-629588D59B95}.NET35|Any CPU.ActiveCfg = Release|Any CPU
		{737B0929-048F-4500-A412-629588D59B95}.NET35|Any CPU.Build.0 = Release|Any CPU
		{737B0929-048F-4500-A412-629588D59B95}.NET40|Any CPU.ActiveCfg = Release|Any CPU
		{737B0929-048F-4500-A412-629588D59B95}.NET40|Any CPU.Build.0 = Release|Any CPU
		{737B0929-048F-4500-A412-629588D59B95}.NET45|Any CPU.ActiveCfg = Release|Any CPU
		{737B0929-048F-4500-A412-629588D59B95}.NET45|Any CPU.Build.0 = Release|Any CPU
		{737B0929-048F-4500-A412-629588D59B95}.Release|Any CPU.ActiveCfg = Release|Any CPU
		{737B0929-048F-4500-A412-629588D59B95}.Release|Any CPU.Build.0 = Release|Any CPU
		{5ECE696C-DA94-4F08-A03D-9D1348AB728F}.Debug|Any CPU.ActiveCfg = Debug|Any CPU
		{5ECE696C-DA94-4F08-A03D-9D1348AB728F}.Debug|Any CPU.Build.0 = Debug|Any CPU
		{5ECE696C-DA94-4F08-A03D-9D1348AB728F}.NET35|Any CPU.ActiveCfg = Release|Any CPU
		{5ECE696C-DA94-4F08-A03D-9D1348AB728F}.NET35|Any CPU.Build.0 = Release|Any CPU
		{5ECE696C-DA94-4F08-A03D-9D1348AB728F}.NET40|Any CPU.ActiveCfg = Release|Any CPU
		{5ECE696C-DA94-4F08-A03D-9D1348AB728F}.NET40|Any CPU.Build.0 = Release|Any CPU
		{5ECE696C-DA94-4F08-A03D-9D1348AB728F}.NET45|Any CPU.ActiveCfg = Release|Any CPU
		{5ECE696C-DA94-4F08-A03D-9D1348AB728F}.NET45|Any CPU.Build.0 = Release|Any CPU
		{5ECE696C-DA94-4F08-A03D-9D1348AB728F}.Release|Any CPU.ActiveCfg = Release|Any CPU
		{5ECE696C-DA94-4F08-A03D-9D1348AB728F}.Release|Any CPU.Build.0 = Release|Any CPU
	EndGlobalSection
	GlobalSection(SolutionProperties) = preSolution
		HideSolutionNode = FALSE
	EndGlobalSection
EndGlobal
